
Microsoft Visual Studio Solution File, Format Version 12.00
# Visual Studio 15
VisualStudioVersion = 15.0.26206.0
MinimumVisualStudioVersion = 10.0.40219.1
Project("{FAE04EC0-301F-11D3-BF4B-00C04F79EFBC}") = "ExperimentalDashboard", "ExperimentalDashboard\ExperimentalDashboard.csproj", "{4C8C3C1B-8617-43DE-8042-6E6D61CD2C48}"
EndProject
Project("{FAE04EC0-301F-11D3-BF4B-00C04F79EFBC}") = "ExperimentalDashboard.Tests", "ExperimentalDashboard.Tests\ExperimentalDashboard.Tests.csproj", "{7BD3D396-6F38-470C-85CB-F6BC38DBEFE6}"
EndProject
Global
	GlobalSection(SolutionConfigurationPlatforms) = preSolution
		Debug|Any CPU = Debug|Any CPU
		Release|Any CPU = Release|Any CPU
	EndGlobalSection
	GlobalSection(ProjectConfigurationPlatforms) = postSolution
		{4C8C3C1B-8617-43DE-8042-6E6D61CD2C48}.Debug|Any CPU.ActiveCfg = Debug|Any CPU
		{4C8C3C1B-8617-43DE-8042-6E6D61CD2C48}.Debug|Any CPU.Build.0 = Debug|Any CPU
		{4C8C3C1B-8617-43DE-8042-6E6D61CD2C48}.Release|Any CPU.ActiveCfg = Release|Any CPU
		{4C8C3C1B-8617-43DE-8042-6E6D61CD2C48}.Release|Any CPU.Build.0 = Release|Any CPU
		{7BD3D396-6F38-470C-85CB-F6BC38DBEFE6}.Debug|Any CPU.ActiveCfg = Debug|Any CPU
		{7BD3D396-6F38-470C-85CB-F6BC38DBEFE6}.Debug|Any CPU.Build.0 = Debug|Any CPU
		{7BD3D396-6F38-470C-85CB-F6BC38DBEFE6}.Release|Any CPU.ActiveCfg = Release|Any CPU
		{7BD3D396-6F38-470C-85CB-F6BC38DBEFE6}.Release|Any CPU.Build.0 = Release|Any CPU
	EndGlobalSection
	GlobalSection(SolutionProperties) = preSolution
		HideSolutionNode = FALSE
	EndGlobalSection
EndGlobal
